
Microsoft Visual Studio Solution File, Format Version 12.00
# Visual Studio Version 17
VisualStudioVersion = 17.5.33424.131
MinimumVisualStudioVersion = 10.0.40219.1
Project("{FAE04EC0-301F-11D3-BF4B-00C04F79EFBC}") = "web-az204", "web-az204.csproj", "{DEF951C9-6093-447D-96CB-6BFDB33DE111}"
EndProject
Global
	GlobalSection(SolutionConfigurationPlatforms) = preSolution
		Debug|Any CPU = Debug|Any CPU
		Release|Any CPU = Release|Any CPU
	EndGlobalSection
	GlobalSection(ProjectConfigurationPlatforms) = postSolution
		{DEF951C9-6093-447D-96CB-6BFDB33DE111}.Debug|Any CPU.ActiveCfg = Debug|Any CPU
		{DEF951C9-6093-447D-96CB-6BFDB33DE111}.Debug|Any CPU.Build.0 = Debug|Any CPU
		{DEF951C9-6093-447D-96CB-6BFDB33DE111}.Release|Any CPU.ActiveCfg = Release|Any CPU
		{DEF951C9-6093-447D-96CB-6BFDB33DE111}.Release|Any CPU.Build.0 = Release|Any CPU
	EndGlobalSection
	GlobalSection(SolutionProperties) = preSolution
		HideSolutionNode = FALSE
	EndGlobalSection
	GlobalSection(ExtensibilityGlobals) = postSolution
		SolutionGuid = {0981C51F-968C-46B8-9BF8-59A45B4A0A1E}
	EndGlobalSection
EndGlobal
